
Microsoft Visual Studio Solution File, Format Version 12.00
# Visual Studio Version 17
VisualStudioVersion = 17.7.33711.374
MinimumVisualStudioVersion = 10.0.40219.1
Project("{FAE04EC0-301F-11D3-BF4B-00C04F79EFBC}") = "Personel Takip Sistemi", "Personel Takip Sistemi\Personel Takip Sistemi.csproj", "{B1BA5BBC-23A6-4C7C-97A8-58D52B08143A}"
EndProject
Global
	GlobalSection(SolutionConfigurationPlatforms) = preSolution
		Debug|Any CPU = Debug|Any CPU
		Release|Any CPU = Release|Any CPU
	EndGlobalSection
	GlobalSection(ProjectConfigurationPlatforms) = postSolution
		{B1BA5BBC-23A6-4C7C-97A8-58D52B08143A}.Debug|Any CPU.ActiveCfg = Debug|Any CPU
		{B1BA5BBC-23A6-4C7C-97A8-58D52B08143A}.Debug|Any CPU.Build.0 = Debug|Any CPU
		{B1BA5BBC-23A6-4C7C-97A8-58D52B08143A}.Release|Any CPU.ActiveCfg = Release|Any CPU
		{B1BA5BBC-23A6-4C7C-97A8-58D52B08143A}.Release|Any CPU.Build.0 = Release|Any CPU
	EndGlobalSection
	GlobalSection(SolutionProperties) = preSolution
		HideSolutionNode = FALSE
	EndGlobalSection
	GlobalSection(ExtensibilityGlobals) = postSolution
		SolutionGuid = {22800106-4C22-4FCF-BBB9-BBA6D8F04DE5}
	EndGlobalSection
EndGlobal
